
Microsoft Visual Studio Solution File, Format Version 12.00
# Visual Studio Version 17
VisualStudioVersion = 17.5.33414.496
MinimumVisualStudioVersion = 10.0.40219.1
Project("{9A19103F-16F7-4668-BE54-9A1E7A4F7556}") = "JobNetCore6", "JobNetCore6\JobNetCore6.csproj", "{F21AA04D-0FDE-4AA1-8143-397550D8D2B4}"
EndProject
Project("{FAE04EC0-301F-11D3-BF4B-00C04F79EFBC}") = "TestProject1", "TestProject1\TestProject1.csproj", "{9933D0FD-0212-47C6-9A1B-C2D20994516E}"
EndProject
Global
	GlobalSection(SolutionConfigurationPlatforms) = preSolution
		Debug|Any CPU = Debug|Any CPU
		Release|Any CPU = Release|Any CPU
	EndGlobalSection
	GlobalSection(ProjectConfigurationPlatforms) = postSolution
		{F21AA04D-0FDE-4AA1-8143-397550D8D2B4}.Debug|Any CPU.ActiveCfg = Debug|Any CPU
		{F21AA04D-0FDE-4AA1-8143-397550D8D2B4}.Debug|Any CPU.Build.0 = Debug|Any CPU
		{F21AA04D-0FDE-4AA1-8143-397550D8D2B4}.Release|Any CPU.ActiveCfg = Release|Any CPU
		{F21AA04D-0FDE-4AA1-8143-397550D8D2B4}.Release|Any CPU.Build.0 = Release|Any CPU
		{9933D0FD-0212-47C6-9A1B-C2D20994516E}.Debug|Any CPU.ActiveCfg = Debug|Any CPU
		{9933D0FD-0212-47C6-9A1B-C2D20994516E}.Debug|Any CPU.Build.0 = Debug|Any CPU
		{9933D0FD-0212-47C6-9A1B-C2D20994516E}.Release|Any CPU.ActiveCfg = Release|Any CPU
		{9933D0FD-0212-47C6-9A1B-C2D20994516E}.Release|Any CPU.Build.0 = Release|Any CPU
	EndGlobalSection
	GlobalSection(SolutionProperties) = preSolution
		HideSolutionNode = FALSE
	EndGlobalSection
	GlobalSection(ExtensibilityGlobals) = postSolution
		SolutionGuid = {2978F638-454F-4D55-AE3F-55E256C3E6C3}
	EndGlobalSection
EndGlobal
